// !$*UTF8*$!
{
	archiveVersion = 1;
	classes = {
	};
	objectVersion = 50;
	objects = {

/* Begin PBXBuildFile section */
		9F3F977B25FB9312000C5BF9 /* CommentCardGeneratorIOSApp.swift in Sources */ = {isa = PBXBuildFile; fileRef = 9F3F977A25FB9312000C5BF9 /* CommentCardGeneratorIOSApp.swift */; };
		9F3F977D25FB9312000C5BF9 /* ContentView.swift in Sources */ = {isa = PBXBuildFile; fileRef = 9F3F977C25FB9312000C5BF9 /* ContentView.swift */; };
		9F3F977F25FB9314000C5BF9 /* Assets.xcassets in Resources */ = {isa = PBXBuildFile; fileRef = 9F3F977E25FB9314000C5BF9 /* Assets.xcassets */; };
		9F3F978225FB9314000C5BF9 /* Preview Assets.xcassets in Resources */ = {isa = PBXBuildFile; fileRef = 9F3F978125FB9314000C5BF9 /* Preview Assets.xcassets */; };
		9F3F978D25FB9315000C5BF9 /* CommentCardGeneratorIOSTests.swift in Sources */ = {isa = PBXBuildFile; fileRef = 9F3F978C25FB9315000C5BF9 /* CommentCardGeneratorIOSTests.swift */; };
		9F3F979825FB9315000C5BF9 /* CommentCardGeneratorIOSUITests.swift in Sources */ = {isa = PBXBuildFile; fileRef = 9F3F979725FB9315000C5BF9 /* CommentCardGeneratorIOSUITests.swift */; };
		9F44EF3B25FFB14C00D65236 /* CommentCard.swift in Sources */ = {isa = PBXBuildFile; fileRef = 9F44EF3A25FFB14C00D65236 /* CommentCard.swift */; };
/* End PBXBuildFile section */

/* Begin PBXContainerItemProxy section */
		9F3F978925FB9315000C5BF9 /* PBXContainerItemProxy */ = {
			isa = PBXContainerItemProxy;
			containerPortal = 9F3F976F25FB9312000C5BF9 /* Project object */;
			proxyType = 1;
			remoteGlobalIDString = 9F3F977625FB9312000C5BF9;
			remoteInfo = CommentCardGeneratorIOS;
		};
		9F3F979425FB9315000C5BF9 /* PBXContainerItemProxy */ = {
			isa = PBXContainerItemProxy;
			containerPortal = 9F3F976F25FB9312000C5BF9 /* Project object */;
			proxyType = 1;
			remoteGlobalIDString = 9F3F977625FB9312000C5BF9;
			remoteInfo = CommentCardGeneratorIOS;
		};
/* End PBXContainerItemProxy section */

/* Begin PBXFileReference section */
		9F3F977725FB9312000C5BF9 /* CommentCardGeneratorIOS.app */ = {isa = PBXFileReference; explicitFileType = wrapper.application; includeInIndex = 0; path = CommentCardGeneratorIOS.app; sourceTree = BUILT_PRODUCTS_DIR; };
		9F3F977A25FB9312000C5BF9 /* CommentCardGeneratorIOSApp.swift */ = {isa = PBXFileReference; lastKnownFileType = sourcecode.swift; path = CommentCardGeneratorIOSApp.swift; sourceTree = "<group>"; };
		9F3F977C25FB9312000C5BF9 /* ContentView.swift */ = {isa = PBXFileReference; lastKnownFileType = sourcecode.swift; path = ContentView.swift; sourceTree = "<group>"; };
		9F3F977E25FB9314000C5BF9 /* Assets.xcassets */ = {isa = PBXFileReference; lastKnownFileType = folder.assetcatalog; path = Assets.xcassets; sourceTree = "<group>"; };
		9F3F978125FB9314000C5BF9 /* Preview Assets.xcassets */ = {isa = PBXFileReference; lastKnownFileType = folder.assetcatalog; path = "Preview Assets.xcassets"; sourceTree = "<group>"; };
		9F3F978325FB9314000C5BF9 /* Info.plist */ = {isa = PBXFileReference; lastKnownFileType = text.plist.xml; path = Info.plist; sourceTree = "<group>"; };
		9F3F978825FB9315000C5BF9 /* CommentCardGeneratorIOSTests.xctest */ = {isa = PBXFileReference; explicitFileType = wrapper.cfbundle; includeInIndex = 0; path = CommentCardGeneratorIOSTests.xctest; sourceTree = BUILT_PRODUCTS_DIR; };
		9F3F978C25FB9315000C5BF9 /* CommentCardGeneratorIOSTests.swift */ = {isa = PBXFileReference; lastKnownFileType = sourcecode.swift; path = CommentCardGeneratorIOSTests.swift; sourceTree = "<group>"; };
		9F3F978E25FB9315000C5BF9 /* Info.plist */ = {isa = PBXFileReference; lastKnownFileType = text.plist.xml; path = Info.plist; sourceTree = "<group>"; };
		9F3F979325FB9315000C5BF9 /* CommentCardGeneratorIOSUITests.xctest */ = {isa = PBXFileReference; explicitFileType = wrapper.cfbundle; includeInIndex = 0; path = CommentCardGeneratorIOSUITests.xctest; sourceTree = BUILT_PRODUCTS_DIR; };
		9F3F979725FB9315000C5BF9 /* CommentCardGeneratorIOSUITests.swift */ = {isa = PBXFileReference; lastKnownFileType = sourcecode.swift; path = CommentCardGeneratorIOSUITests.swift; sourceTree = "<group>"; };
		9F3F979925FB9315000C5BF9 /* Info.plist */ = {isa = PBXFileReference; lastKnownFileType = text.plist.xml; path = Info.plist; sourceTree = "<group>"; };
		9F44EF3A25FFB14C00D65236 /* CommentCard.swift */ = {isa = PBXFileReference; lastKnownFileType = sourcecode.swift; path = CommentCard.swift; sourceTree = "<group>"; };
/* End PBXFileReference section */

/* Begin PBXFrameworksBuildPhase section */
		9F3F977425FB9312000C5BF9 /* Frameworks */ = {
			isa = PBXFrameworksBuildPhase;
			buildActionMask = 2147483647;
			files = (
			);
			runOnlyForDeploymentPostprocessing = 0;
		};
		9F3F978525FB9315000C5BF9 /* Frameworks */ = {
			isa = PBXFrameworksBuildPhase;
			buildActionMask = 2147483647;
			files = (
			);
			runOnlyForDeploymentPostprocessing = 0;
		};
		9F3F979025FB9315000C5BF9 /* Frameworks */ = {
			isa = PBXFrameworksBuildPhase;
			buildActionMask = 2147483647;
			files = (
			);
			runOnlyForDeploymentPostprocessing = 0;
		};
/* End PBXFrameworksBuildPhase section */

/* Begin PBXGroup section */
		9F3F976E25FB9312000C5BF9 = {
			isa = PBXGroup;
			children = (
				9F3F977925FB9312000C5BF9 /* CommentCardGeneratorIOS */,
				9F3F978B25FB9315000C5BF9 /* CommentCardGeneratorIOSTests */,
				9F3F979625FB9315000C5BF9 /* CommentCardGeneratorIOSUITests */,
				9F3F977825FB9312000C5BF9 /* Products */,
			);
			sourceTree = "<group>";
		};
		9F3F977825FB9312000C5BF9 /* Products */ = {
			isa = PBXGroup;
			children = (
				9F3F977725FB9312000C5BF9 /* CommentCardGeneratorIOS.app */,
				9F3F978825FB9315000C5BF9 /* CommentCardGeneratorIOSTests.xctest */,
				9F3F979325FB9315000C5BF9 /* CommentCardGeneratorIOSUITests.xctest */,
			);
			name = Products;
			sourceTree = "<group>";
		};
		9F3F977925FB9312000C5BF9 /* CommentCardGeneratorIOS */ = {
			isa = PBXGroup;
			children = (
				9F3F977A25FB9312000C5BF9 /* CommentCardGeneratorIOSApp.swift */,
				9F3F977C25FB9312000C5BF9 /* ContentView.swift */,
				9F3F977E25FB9314000C5BF9 /* Assets.xcassets */,
				9F3F978325FB9314000C5BF9 /* Info.plist */,
				9F3F978025FB9314000C5BF9 /* Preview Content */,
				9F44EF3A25FFB14C00D65236 /* CommentCard.swift */,
			);
			path = CommentCardGeneratorIOS;
			sourceTree = "<group>";
		};
		9F3F978025FB9314000C5BF9 /* Preview Content */ = {
			isa = PBXGroup;
			children = (
				9F3F978125FB9314000C5BF9 /* Preview Assets.xcassets */,
			);
			path = "Preview Content";
			sourceTree = "<group>";
		};
		9F3F978B25FB9315000C5BF9 /* CommentCardGeneratorIOSTests */ = {
			isa = PBXGroup;
			children = (
				9F3F978C25FB9315000C5BF9 /* CommentCardGeneratorIOSTests.swift */,
				9F3F978E25FB9315000C5BF9 /* Info.plist */,
			);
			path = CommentCardGeneratorIOSTests;
			sourceTree = "<group>";
		};
		9F3F979625FB9315000C5BF9 /* CommentCardGeneratorIOSUITests */ = {
			isa = PBXGroup;
			children = (
				9F3F979725FB9315000C5BF9 /* CommentCardGeneratorIOSUITests.swift */,
				9F3F979925FB9315000C5BF9 /* Info.plist */,
			);
			path = CommentCardGeneratorIOSUITests;
			sourceTree = "<group>";
		};
/* End PBXGroup section */

/* Begin PBXNativeTarget section */
		9F3F977625FB9312000C5BF9 /* CommentCardGeneratorIOS */ = {
			isa = PBXNativeTarget;
			buildConfigurationList = 9F3F979C25FB9315000C5BF9 /* Build configuration list for PBXNativeTarget "CommentCardGeneratorIOS" */;
			buildPhases = (
				9F3F977325FB9312000C5BF9 /* Sources */,
				9F3F977425FB9312000C5BF9 /* Frameworks */,
				9F3F977525FB9312000C5BF9 /* Resources */,
			);
			buildRules = (
			);
			dependencies = (
			);
			name = CommentCardGeneratorIOS;
			productName = CommentCardGeneratorIOS;
			productReference = 9F3F977725FB9312000C5BF9 /* CommentCardGeneratorIOS.app */;
			productType = "com.apple.product-type.application";
		};
		9F3F978725FB9315000C5BF9 /* CommentCardGeneratorIOSTests */ = {
			isa = PBXNativeTarget;
			buildConfigurationList = 9F3F979F25FB9315000C5BF9 /* Build configuration list for PBXNativeTarget "CommentCardGeneratorIOSTests" */;
			buildPhases = (
				9F3F978425FB9315000C5BF9 /* Sources */,
				9F3F978525FB9315000C5BF9 /* Frameworks */,
				9F3F978625FB9315000C5BF9 /* Resources */,
			);
			buildRules = (
			);
			dependencies = (
				9F3F978A25FB9315000C5BF9 /* PBXTargetDependency */,
			);
			name = CommentCardGeneratorIOSTests;
			productName = CommentCardGeneratorIOSTests;
			productReference = 9F3F978825FB9315000C5BF9 /* CommentCardGeneratorIOSTests.xctest */;
			productType = "com.apple.product-type.bundle.unit-test";
		};
		9F3F979225FB9315000C5BF9 /* CommentCardGeneratorIOSUITests */ = {
			isa = PBXNativeTarget;
			buildConfigurationList = 9F3F97A225FB9315000C5BF9 /* Build configuration list for PBXNativeTarget "CommentCardGeneratorIOSUITests" */;
			buildPhases = (
				9F3F978F25FB9315000C5BF9 /* Sources */,
				9F3F979025FB9315000C5BF9 /* Frameworks */,
				9F3F979125FB9315000C5BF9 /* Resources */,
			);
			buildRules = (
			);
			dependencies = (
				9F3F979525FB9315000C5BF9 /* PBXTargetDependency */,
			);
			name = CommentCardGeneratorIOSUITests;
			productName = CommentCardGeneratorIOSUITests;
			productReference = 9F3F979325FB9315000C5BF9 /* CommentCardGeneratorIOSUITests.xctest */;
			productType = "com.apple.product-type.bundle.ui-testing";
		};
/* End PBXNativeTarget section */

/* Begin PBXProject section */
		9F3F976F25FB9312000C5BF9 /* Project object */ = {
			isa = PBXProject;
			attributes = {
				LastSwiftUpdateCheck = 1240;
				LastUpgradeCheck = 1240;
				TargetAttributes = {
					9F3F977625FB9312000C5BF9 = {
						CreatedOnToolsVersion = 12.4;
					};
					9F3F978725FB9315000C5BF9 = {
						CreatedOnToolsVersion = 12.4;
						TestTargetID = 9F3F977625FB9312000C5BF9;
					};
					9F3F979225FB9315000C5BF9 = {
						CreatedOnToolsVersion = 12.4;
						TestTargetID = 9F3F977625FB9312000C5BF9;
					};
				};
			};
			buildConfigurationList = 9F3F977225FB9312000C5BF9 /* Build configuration list for PBXProject "CommentCardGeneratorIOS" */;
			compatibilityVersion = "Xcode 9.3";
			developmentRegion = en;
			hasScannedForEncodings = 0;
			knownRegions = (
				en,
				Base,
			);
			mainGroup = 9F3F976E25FB9312000C5BF9;
			productRefGroup = 9F3F977825FB9312000C5BF9 /* Products */;
			projectDirPath = "";
			projectRoot = "";
			targets = (
				9F3F977625FB9312000C5BF9 /* CommentCardGeneratorIOS */,
				9F3F978725FB9315000C5BF9 /* CommentCardGeneratorIOSTests */,
				9F3F979225FB9315000C5BF9 /* CommentCardGeneratorIOSUITests */,
			);
		};
/* End PBXProject section */

/* Begin PBXResourcesBuildPhase section */
		9F3F977525FB9312000C5BF9 /* Resources */ = {
			isa = PBXResourcesBuildPhase;
			buildActionMask = 2147483647;
			files = (
				9F3F978225FB9314000C5BF9 /* Preview Assets.xcassets in Resources */,
				9F3F977F25FB9314000C5BF9 /* Assets.xcassets in Resources */,
			);
			runOnlyForDeploymentPostprocessing = 0;
		};
		9F3F978625FB9315000C5BF9 /* Resources */ = {
			isa = PBXResourcesBuildPhase;
			buildActionMask = 2147483647;
			files = (
			);
			runOnlyForDeploymentPostprocessing = 0;
		};
		9F3F979125FB9315000C5BF9 /* Resources */ = {
			isa = PBXResourcesBuildPhase;
			buildActionMask = 2147483647;
			files = (
			);
			runOnlyForDeploymentPostprocessing = 0;
		};
/* End PBXResourcesBuildPhase section */

/* Begin PBXSourcesBuildPhase section */
		9F3F977325FB9312000C5BF9 /* Sources */ = {
			isa = PBXSourcesBuildPhase;
			buildActionMask = 2147483647;
			files = (
				9F3F977D25FB9312000C5BF9 /* ContentView.swift in Sources */,
				9F44EF3B25FFB14C00D65236 /* CommentCard.swift in Sources */,
				9F3F977B25FB9312000C5BF9 /* CommentCardGeneratorIOSApp.swift in Sources */,
			);
			runOnlyForDeploymentPostprocessing = 0;
		};
		9F3F978425FB9315000C5BF9 /* Sources */ = {
			isa = PBXSourcesBuildPhase;
			buildActionMask = 2147483647;
			files = (
				9F3F978D25FB9315000C5BF9 /* CommentCardGeneratorIOSTests.swift in Sources */,
			);
			runOnlyForDeploymentPostprocessing = 0;
		};
		9F3F978F25FB9315000C5BF9 /* Sources */ = {
			isa = PBXSourcesBuildPhase;
			buildActionMask = 2147483647;
			files = (
				9F3F979825FB9315000C5BF9 /* CommentCardGeneratorIOSUITests.swift in Sources */,
			);
			runOnlyForDeploymentPostprocessing = 0;
		};
/* End PBXSourcesBuildPhase section */

/* Begin PBXTargetDependency section */
		9F3F978A25FB9315000C5BF9 /* PBXTargetDependency */ = {
			isa = PBXTargetDependency;
			target = 9F3F977625FB9312000C5BF9 /* CommentCardGeneratorIOS */;
			targetProxy = 9F3F978925FB9315000C5BF9 /* PBXContainerItemProxy */;
		};
		9F3F979525FB9315000C5BF9 /* PBXTargetDependency */ = {
			isa = PBXTargetDependency;
			target = 9F3F977625FB9312000C5BF9 /* CommentCardGeneratorIOS */;
			targetProxy = 9F3F979425FB9315000C5BF9 /* PBXContainerItemProxy */;
		};
/* End PBXTargetDependency section */

/* Begin XCBuildConfiguration section */
		9F3F979A25FB9315000C5BF9 /* Debug */ = {
			isa = XCBuildConfiguration;
			buildSettings = {
				ALWAYS_SEARCH_USER_PATHS = NO;
				CLANG_ANALYZER_NONNULL = YES;
				CLANG_ANALYZER_NUMBER_OBJECT_CONVERSION = YES_AGGRESSIVE;
				CLANG_CXX_LANGUAGE_STANDARD = "gnu++14";
				CLANG_CXX_LIBRARY = "libc++";
				CLANG_ENABLE_MODULES = YES;
				CLANG_ENABLE_OBJC_ARC = YES;
				CLANG_ENABLE_OBJC_WEAK = YES;
				CLANG_WARN_BLOCK_CAPTURE_AUTORELEASING = YES;
				CLANG_WARN_BOOL_CONVERSION = YES;
				CLANG_WARN_COMMA = YES;
				CLANG_WARN_CONSTANT_CONVERSION = YES;
				CLANG_WARN_DEPRECATED_OBJC_IMPLEMENTATIONS = YES;
				CLANG_WARN_DIRECT_OBJC_ISA_USAGE = YES_ERROR;
				CLANG_WARN_DOCUMENTATION_COMMENTS = YES;
				CLANG_WARN_EMPTY_BODY = YES;
				CLANG_WARN_ENUM_CONVERSION = YES;
				CLANG_WARN_INFINITE_RECURSION = YES;
				CLANG_WARN_INT_CONVERSION = YES;
				CLANG_WARN_NON_LITERAL_NULL_CONVERSION = YES;
				CLANG_WARN_OBJC_IMPLICIT_RETAIN_SELF = YES;
				CLANG_WARN_OBJC_LITERAL_CONVERSION = YES;
				CLANG_WARN_OBJC_ROOT_CLASS = YES_ERROR;
				CLANG_WARN_QUOTED_INCLUDE_IN_FRAMEWORK_HEADER = YES;
				CLANG_WARN_RANGE_LOOP_ANALYSIS = YES;
				CLANG_WARN_STRICT_PROTOTYPES = YES;
				CLANG_WARN_SUSPICIOUS_MOVE = YES;
				CLANG_WARN_UNGUARDED_AVAILABILITY = YES_AGGRESSIVE;
				CLANG_WARN_UNREACHABLE_CODE = YES;
				CLANG_WARN__DUPLICATE_METHOD_MATCH = YES;
				COPY_PHASE_STRIP = NO;
				DEBUG_INFORMATION_FORMAT = dwarf;
				ENABLE_STRICT_OBJC_MSGSEND = YES;
				ENABLE_TESTABILITY = YES;
				GCC_C_LANGUAGE_STANDARD = gnu11;
				GCC_DYNAMIC_NO_PIC = NO;
				GCC_NO_COMMON_BLOCKS = YES;
				GCC_OPTIMIZATION_LEVEL = 0;
				GCC_PREPROCESSOR_DEFINITIONS = (
					"DEBUG=1",
					"$(inherited)",
				);
				GCC_WARN_64_TO_32_BIT_CONVERSION = YES;
				GCC_WARN_ABOUT_RETURN_TYPE = YES_ERROR;
				GCC_WARN_UNDECLARED_SELECTOR = YES;
				GCC_WARN_UNINITIALIZED_AUTOS = YES_AGGRESSIVE;
				GCC_WARN_UNUSED_FUNCTION = YES;
				GCC_WARN_UNUSED_VARIABLE = YES;
				IPHONEOS_DEPLOYMENT_TARGET = 14.4;
				MTL_ENABLE_DEBUG_INFO = INCLUDE_SOURCE;
				MTL_FAST_MATH = YES;
				ONLY_ACTIVE_ARCH = YES;
				SDKROOT = iphoneos;
				SWIFT_ACTIVE_COMPILATION_CONDITIONS = DEBUG;
				SWIFT_OPTIMIZATION_LEVEL = "-Onone";
			};
			name = Debug;
		};
		9F3F979B25FB9315000C5BF9 /* Release */ = {
			isa = XCBuildConfiguration;
			buildSettings = {
				ALWAYS_SEARCH_USER_PATHS = NO;
				CLANG_ANALYZER_NONNULL = YES;
				CLANG_ANALYZER_NUMBER_OBJECT_CONVERSION = YES_AGGRESSIVE;
				CLANG_CXX_LANGUAGE_STANDARD = "gnu++14";
				CLANG_CXX_LIBRARY = "libc++";
				CLANG_ENABLE_MODULES = YES;
				CLANG_ENABLE_OBJC_ARC = YES;
				CLANG_ENABLE_OBJC_WEAK = YES;
				CLANG_WARN_BLOCK_CAPTURE_AUTORELEASING = YES;
				CLANG_WARN_BOOL_CONVERSION = YES;
				CLANG_WARN_COMMA = YES;
				CLANG_WARN_CONSTANT_CONVERSION = YES;
				CLANG_WARN_DEPRECATED_OBJC_IMPLEMENTATIONS = YES;
				CLANG_WARN_DIRECT_OBJC_ISA_USAGE = YES_ERROR;
				CLANG_WARN_DOCUMENTATION_COMMENTS = YES;
				CLANG_WARN_EMPTY_BODY = YES;
				CLANG_WARN_ENUM_CONVERSION = YES;
				CLANG_WARN_INFINITE_RECURSION = YES;
				CLANG_WARN_INT_CONVERSION = YES;
				CLANG_WARN_NON_LITERAL_NULL_CONVERSION = YES;
				CLANG_WARN_OBJC_IMPLICIT_RETAIN_SELF = YES;
				CLANG_WARN_OBJC_LITERAL_CONVERSION = YES;
				CLANG_WARN_OBJC_ROOT_CLASS = YES_ERROR;
				CLANG_WARN_QUOTED_INCLUDE_IN_FRAMEWORK_HEADER = YES;
				CLANG_WARN_RANGE_LOOP_ANALYSIS = YES;
				CLANG_WARN_STRICT_PROTOTYPES = YES;
				CLANG_WARN_SUSPICIOUS_MOVE = YES;
				CLANG_WARN_UNGUARDED_AVAILABILITY = YES_AGGRESSIVE;
				CLANG_WARN_UNREACHABLE_CODE = YES;
				CLANG_WARN__DUPLICATE_METHOD_MATCH = YES;
				COPY_PHASE_STRIP = NO;
				DEBUG_INFORMATION_FORMAT = "dwarf-with-dsym";
				ENABLE_NS_ASSERTIONS = NO;
				ENABLE_STRICT_OBJC_MSGSEND = YES;
				GCC_C_LANGUAGE_STANDARD = gnu11;
				GCC_NO_COMMON_BLOCKS = YES;
				GCC_WARN_64_TO_32_BIT_CONVERSION = YES;
				GCC_WARN_ABOUT_RETURN_TYPE = YES_ERROR;
				GCC_WARN_UNDECLARED_SELECTOR = YES;
				GCC_WARN_UNINITIALIZED_AUTOS = YES_AGGRESSIVE;
				GCC_WARN_UNUSED_FUNCTION = YES;
				GCC_WARN_UNUSED_VARIABLE = YES;
				IPHONEOS_DEPLOYMENT_TARGET = 14.4;
				MTL_ENABLE_DEBUG_INFO = NO;
				MTL_FAST_MATH = YES;
				SDKROOT = iphoneos;
				SWIFT_COMPILATION_MODE = wholemodule;
				SWIFT_OPTIMIZATION_LEVEL = "-O";
				VALIDATE_PRODUCT = YES;
			};
			name = Release;
		};
		9F3F979D25FB9315000C5BF9 /* Debug */ = {
			isa = XCBuildConfiguration;
			buildSettings = {
				ASSETCATALOG_COMPILER_APPICON_NAME = AppIcon;
				ASSETCATALOG_COMPILER_GLOBAL_ACCENT_COLOR_NAME = AccentColor;
				CODE_SIGN_STYLE = Automatic;
				DEVELOPMENT_ASSET_PATHS = "\"CommentCardGeneratorIOS/Preview Content\"";
				ENABLE_PREVIEWS = YES;
				INFOPLIST_FILE = CommentCardGeneratorIOS/Info.plist;
				IPHONEOS_DEPLOYMENT_TARGET = 14.0;
				LD_RUNPATH_SEARCH_PATHS = (
					"$(inherited)",
					"@executable_path/Frameworks",
				);
				PRODUCT_BUNDLE_IDENTIFIER = com.kodingkit.CommentCardGeneratorIOS;
				PRODUCT_NAME = "$(TARGET_NAME)";
				SWIFT_VERSION = 5.0;
				TARGETED_DEVICE_FAMILY = "1,2";
			};
			name = Debug;
		};
		9F3F979E25FB9315000C5BF9 /* Release */ = {
			isa = XCBuildConfiguration;
			buildSettings = {
				ASSETCATALOG_COMPILER_APPICON_NAME = AppIcon;
				ASSETCATALOG_COMPILER_GLOBAL_ACCENT_COLOR_NAME = AccentColor;
				CODE_SIGN_STYLE = Automatic;
				DEVELOPMENT_ASSET_PATHS = "\"CommentCardGeneratorIOS/Preview Content\"";
				ENABLE_PREVIEWS = YES;
				INFOPLIST_FILE = CommentCardGeneratorIOS/Info.plist;
				IPHONEOS_DEPLOYMENT_TARGET = 14.0;
				LD_RUNPATH_SEARCH_PATHS = (
					"$(inherited)",
					"@executable_path/Frameworks",
				);
				PRODUCT_BUNDLE_IDENTIFIER = com.kodingkit.CommentCardGeneratorIOS;
				PRODUCT_NAME = "$(TARGET_NAME)";
				SWIFT_VERSION = 5.0;
				TARGETED_DEVICE_FAMILY = "1,2";
			};
			name = Release;
		};
		9F3F97A025FB9315000C5BF9 /* Debug */ = {
			isa = XCBuildConfiguration;
			buildSettings = {
				ALWAYS_EMBED_SWIFT_STANDARD_LIBRARIES = YES;
				BUNDLE_LOADER = "$(TEST_HOST)";
				CODE_SIGN_STYLE = Automatic;
				INFOPLIST_FILE = CommentCardGeneratorIOSTests/Info.plist;
				IPHONEOS_DEPLOYMENT_TARGET = 14.0;
				LD_RUNPATH_SEARCH_PATHS = (
					"$(inherited)",
					"@executable_path/Frameworks",
					"@loader_path/Frameworks",
				);
				PRODUCT_BUNDLE_IDENTIFIER = com.kodingkit.CommentCardGeneratorIOSTests;
				PRODUCT_NAME = "$(TARGET_NAME)";
				SWIFT_VERSION = 5.0;
				TARGETED_DEVICE_FAMILY = "1,2";
				TEST_HOST = "$(BUILT_PRODUCTS_DIR)/CommentCardGeneratorIOS.app/CommentCardGeneratorIOS";
			};
			name = Debug;
		};
		9F3F97A125FB9315000C5BF9 /* Release */ = {
			isa = XCBuildConfiguration;
			buildSettings = {
				ALWAYS_EMBED_SWIFT_STANDARD_LIBRARIES = YES;
				BUNDLE_LOADER = "$(TEST_HOST)";
				CODE_SIGN_STYLE = Automatic;
				INFOPLIST_FILE = CommentCardGeneratorIOSTests/Info.plist;
				IPHONEOS_DEPLOYMENT_TARGET = 14.0;
				LD_RUNPATH_SEARCH_PATHS = (
					"$(inherited)",
					"@executable_path/Frameworks",
					"@loader_path/Frameworks",
				);
				PRODUCT_BUNDLE_IDENTIFIER = com.kodingkit.CommentCardGeneratorIOSTests;
				PRODUCT_NAME = "$(TARGET_NAME)";
				SWIFT_VERSION = 5.0;
				TARGETED_DEVICE_FAMILY = "1,2";
				TEST_HOST = "$(BUILT_PRODUCTS_DIR)/CommentCardGeneratorIOS.app/CommentCardGeneratorIOS";
			};
			name = Release;
		};
		9F3F97A325FB9315000C5BF9 /* Debug */ = {
			isa = XCBuildConfiguration;
			buildSettings = {
				ALWAYS_EMBED_SWIFT_STANDARD_LIBRARIES = YES;
				CODE_SIGN_STYLE = Automatic;
				INFOPLIST_FILE = CommentCardGeneratorIOSUITests/Info.plist;
				LD_RUNPATH_SEARCH_PATHS = (
					"$(inherited)",
					"@executable_path/Frameworks",
					"@loader_path/Frameworks",
				);
				PRODUCT_BUNDLE_IDENTIFIER = com.kodingkit.CommentCardGeneratorIOSUITests;
				PRODUCT_NAME = "$(TARGET_NAME)";
				SWIFT_VERSION = 5.0;
				TARGETED_DEVICE_FAMILY = "1,2";
				TEST_TARGET_NAME = CommentCardGeneratorIOS;
			};
			name = Debug;
		};
		9F3F97A425FB9315000C5BF9 /* Release */ = {
			isa = XCBuildConfiguration;
			buildSettings = {
				ALWAYS_EMBED_SWIFT_STANDARD_LIBRARIES = YES;
				CODE_SIGN_STYLE = Automatic;
				INFOPLIST_FILE = CommentCardGeneratorIOSUITests/Info.plist;
				LD_RUNPATH_SEARCH_PATHS = (
					"$(inherited)",
					"@executable_path/Frameworks",
					"@loader_path/Frameworks",
				);
				PRODUCT_BUNDLE_IDENTIFIER = com.kodingkit.CommentCardGeneratorIOSUITests;
				PRODUCT_NAME = "$(TARGET_NAME)";
				SWIFT_VERSION = 5.0;
				TARGETED_DEVICE_FAMILY = "1,2";
				TEST_TARGET_NAME = CommentCardGeneratorIOS;
			};
			name = Release;
		};
/* End XCBuildConfiguration section */

/* Begin XCConfigurationList section */
		9F3F977225FB9312000C5BF9 /* Build configuration list for PBXProject "CommentCardGeneratorIOS" */ = {
			isa = XCConfigurationList;
			buildConfigurations = (
				9F3F979A25FB9315000C5BF9 /* Debug */,
				9F3F979B25FB9315000C5BF9 /* Release */,
			);
			defaultConfigurationIsVisible = 0;
			defaultConfigurationName = Release;
		};
		9F3F979C25FB9315000C5BF9 /* Build configuration list for PBXNativeTarget "CommentCardGeneratorIOS" */ = {
			isa = XCConfigurationList;
			buildConfigurations = (
				9F3F979D25FB9315000C5BF9 /* Debug */,
				9F3F979E25FB9315000C5BF9 /* Release */,
			);
			defaultConfigurationIsVisible = 0;
			defaultConfigurationName = Release;
		};
		9F3F979F25FB9315000C5BF9 /* Build configuration list for PBXNativeTarget "CommentCardGeneratorIOSTests" */ = {
			isa = XCConfigurationList;
			buildConfigurations = (
				9F3F97A025FB9315000C5BF9 /* Debug */,
				9F3F97A125FB9315000C5BF9 /* Release */,
			);
			defaultConfigurationIsVisible = 0;
			defaultConfigurationName = Release;
		};
		9F3F97A225FB9315000C5BF9 /* Build configuration list for PBXNativeTarget "CommentCardGeneratorIOSUITests" */ = {
			isa = XCConfigurationList;
			buildConfigurations = (
				9F3F97A325FB9315000C5BF9 /* Debug */,
				9F3F97A425FB9315000C5BF9 /* Release */,
			);
			defaultConfigurationIsVisible = 0;
			defaultConfigurationName = Release;
		};
/* End XCConfigurationList section */
	};
	rootObject = 9F3F976F25FB9312000C5BF9 /* Project object */;
}
